
Microsoft Visual Studio Solution File, Format Version 12.00
# Visual Studio Version 17
VisualStudioVersion = 17.1.32210.238
MinimumVisualStudioVersion = 10.0.40219.1
Project("{FAE04EC0-301F-11D3-BF4B-00C04F79EFBC}") = "Workout", "Workout\Workout.csproj", "{5E0E0684-5829-4765-8BE3-5AF54DADB4F5}"
EndProject
Global
	GlobalSection(SolutionConfigurationPlatforms) = preSolution
		Debug|Any CPU = Debug|Any CPU
		Release|Any CPU = Release|Any CPU
	EndGlobalSection
	GlobalSection(ProjectConfigurationPlatforms) = postSolution
		{5E0E0684-5829-4765-8BE3-5AF54DADB4F5}.Debug|Any CPU.ActiveCfg = Debug|Any CPU
		{5E0E0684-5829-4765-8BE3-5AF54DADB4F5}.Debug|Any CPU.Build.0 = Debug|Any CPU
		{5E0E0684-5829-4765-8BE3-5AF54DADB4F5}.Release|Any CPU.ActiveCfg = Release|Any CPU
		{5E0E0684-5829-4765-8BE3-5AF54DADB4F5}.Release|Any CPU.Build.0 = Release|Any CPU
	EndGlobalSection
	GlobalSection(SolutionProperties) = preSolution
		HideSolutionNode = FALSE
	EndGlobalSection
	GlobalSection(ExtensibilityGlobals) = postSolution
		SolutionGuid = {7862D682-716B-4E3B-A053-A0AD19ED3C3F}
	EndGlobalSection
EndGlobal
